
Microsoft Visual Studio Solution File, Format Version 12.00
# Visual Studio Version 17
VisualStudioVersion = 17.4.33103.184
MinimumVisualStudioVersion = 10.0.40219.1
Project("{FAE04EC0-301F-11D3-BF4B-00C04F79EFBC}") = "inlock_codefirst", "inlock_codefirst.csproj", "{CDC5EDE1-D3AE-4CAE-851F-51148FDED27E}"
EndProject
Global
	GlobalSection(SolutionConfigurationPlatforms) = preSolution
		Debug|Any CPU = Debug|Any CPU
		Release|Any CPU = Release|Any CPU
	EndGlobalSection
	GlobalSection(ProjectConfigurationPlatforms) = postSolution
		{CDC5EDE1-D3AE-4CAE-851F-51148FDED27E}.Debug|Any CPU.ActiveCfg = Debug|Any CPU
		{CDC5EDE1-D3AE-4CAE-851F-51148FDED27E}.Debug|Any CPU.Build.0 = Debug|Any CPU
		{CDC5EDE1-D3AE-4CAE-851F-51148FDED27E}.Release|Any CPU.ActiveCfg = Release|Any CPU
		{CDC5EDE1-D3AE-4CAE-851F-51148FDED27E}.Release|Any CPU.Build.0 = Release|Any CPU
	EndGlobalSection
	GlobalSection(SolutionProperties) = preSolution
		HideSolutionNode = FALSE
	EndGlobalSection
	GlobalSection(ExtensibilityGlobals) = postSolution
		SolutionGuid = {00C1ADED-8A24-43FF-A2B0-66873E9AEFBF}
	EndGlobalSection
EndGlobal
